{
  "name": "utils",
  "version": "0.996.0",
  "lockfileVersion": 1,
  "requires": true,
  "dependencies": {
    "miniprogram-api-typings": {
      "version": "2.9.1",
      "resolved": "https://registry.npmjs.org/miniprogram-api-typings/-/miniprogram-api-typings-2.9.1.tgz",
      "integrity": "sha512-OFave1Q1llYJI+KQHNql+bIRe1AVuU+SiSur8h0Nc7xJng88qq0LP3N/Utq08xGO4uqfz0KtkYBaesA4FqnIZg==",
      "dev": true
    },
    "ts-md5": {
      "version": "1.2.4",
      "resolved": "https://registry.npmjs.org/ts-md5/-/ts-md5-1.2.4.tgz",
      "integrity": "sha512-oW+rNjc9CAhalPFzbPWsLqPLzdNcJ8iSm+OXO+Uv+99r3PzCJuM5sVc0bO1eS+4LD2xv+nfU7ylBdwoemUV9Yw=="
    }
  }
}
